
Microsoft Visual Studio Solution File, Format Version 12.00
# Visual Studio Version 16
VisualStudioVersion = 16.0.32002.261
MinimumVisualStudioVersion = 10.0.40219.1
Project("{2150E333-8FDC-42A3-9474-1A3956D46DE8}") = "Modules", "Modules", "{65CB7E83-D18B-FAB9-9AC6-433706463F96}"
EndProject
Project("{8BC9CEB8-8B4A-11D0-8D11-00A0C91BC942}") = "communications", "build\communications.vcxproj", "{6EFC4E7D-5ACA-4283-435E-B3A92FCB1EE8}"
EndProject
Project("{8BC9CEB8-8B4A-11D0-8D11-00A0C91BC942}") = "engineering", "build\engineering.vcxproj", "{308C1C11-9C41-9506-2536-8FDD91EA8B0A}"
EndProject
Project("{8BC9CEB8-8B4A-11D0-8D11-00A0C91BC942}") = "helm", "build\helm.vcxproj", "{EBD2977C-D709-990D-80F6-7E106C0C150F}"
EndProject
Project("{8BC9CEB8-8B4A-11D0-8D11-00A0C91BC942}") = "medical", "build\medical.vcxproj", "{545B31BD-C03A-B058-C952-3B2F35B116BA}"
EndProject
Project("{8BC9CEB8-8B4A-11D0-8D11-00A0C91BC942}") = "navigation", "build\navigation.vcxproj", "{B522BA85-A1DA-FBD2-0AE2-D42EF6B896C3}"
EndProject
Project("{8BC9CEB8-8B4A-11D0-8D11-00A0C91BC942}") = "sciences", "build\sciences.vcxproj", "{F2C25A5E-DE8F-B569-07A9-A311F3D4EAF7}"
EndProject
Project("{8BC9CEB8-8B4A-11D0-8D11-00A0C91BC942}") = "sim_controller", "build\sim_controller.vcxproj", "{31B1FA16-1D7F-EE1C-0613-5F43F27FCA81}"
EndProject
Project("{8BC9CEB8-8B4A-11D0-8D11-00A0C91BC942}") = "data", "build\data.vcxproj", "{5F91957C-4BC8-960D-F4B4-7C10E0CA120F}"
	ProjectSection(ProjectDependencies) = postProject
		{6F5BECE3-A8C0-4D6B-BD01-2FBAA3E1619F} = {6F5BECE3-A8C0-4D6B-BD01-2FBAA3E1619F}
	EndProjectSection
EndProject
Project("{8BC9CEB8-8B4A-11D0-8D11-00A0C91BC942}") = "test_app", "test_app\test_app.vcxproj", "{65D6EBFC-51A3-4608-7ABC-34B066E87B96}"
EndProject
Project("{2150E333-8FDC-42A3-9474-1A3956D46DE8}") = "Tools", "Tools", "{DCBFD7CC-3092-4F3F-9C52-E7DBFC7EA77A}"
EndProject
Project("{9A19103F-16F7-4668-BE54-9A1E7A4F7556}") = "codegen", "data\codegen\codegen.csproj", "{6F5BECE3-A8C0-4D6B-BD01-2FBAA3E1619F}"
EndProject
Global
	GlobalSection(SolutionConfigurationPlatforms) = preSolution
		Debug.DLL|Any CPU = Debug.DLL|Any CPU
		Debug.DLL|Win32 = Debug.DLL|Win32
		Debug.DLL|x64 = Debug.DLL|x64
		Debug|Any CPU = Debug|Any CPU
		Debug|Win32 = Debug|Win32
		Debug|x64 = Debug|x64
		Release.DLL|Any CPU = Release.DLL|Any CPU
		Release.DLL|Win32 = Release.DLL|Win32
		Release.DLL|x64 = Release.DLL|x64
		Release|Any CPU = Release|Any CPU
		Release|Win32 = Release|Win32
		Release|x64 = Release|x64
	EndGlobalSection
	GlobalSection(ProjectConfigurationPlatforms) = postSolution
		{6EFC4E7D-5ACA-4283-435E-B3A92FCB1EE8}.Debug.DLL|Any CPU.ActiveCfg = Debug.DLL|Win32
		{6EFC4E7D-5ACA-4283-435E-B3A92FCB1EE8}.Debug.DLL|Win32.ActiveCfg = Debug.DLL|Win32
		{6EFC4E7D-5ACA-4283-435E-B3A92FCB1EE8}.Debug.DLL|Win32.Build.0 = Debug.DLL|Win32
		{6EFC4E7D-5ACA-4283-435E-B3A92FCB1EE8}.Debug.DLL|x64.ActiveCfg = Debug.DLL|x64
		{6EFC4E7D-5ACA-4283-435E-B3A92FCB1EE8}.Debug.DLL|x64.Build.0 = Debug.DLL|x64
		{6EFC4E7D-5ACA-4283-435E-B3A92FCB1EE8}.Debug|Any CPU.ActiveCfg = Debug|Win32
		{6EFC4E7D-5ACA-4283-435E-B3A92FCB1EE8}.Debug|Win32.ActiveCfg = Debug|Win32
		{6EFC4E7D-5ACA-4283-435E-B3A92FCB1EE8}.Debug|Win32.Build.0 = Debug|Win32
		{6EFC4E7D-5ACA-4283-435E-B3A92FCB1EE8}.Debug|x64.ActiveCfg = Debug|x64
		{6EFC4E7D-5ACA-4283-435E-B3A92FCB1EE8}.Debug|x64.Build.0 = Debug|x64
		{6EFC4E7D-5ACA-4283-435E-B3A92FCB1EE8}.Release.DLL|Any CPU.ActiveCfg = Release.DLL|Win32
		{6EFC4E7D-5ACA-4283-435E-B3A92FCB1EE8}.Release.DLL|Win32.ActiveCfg = Release.DLL|Win32
		{6EFC4E7D-5ACA-4283-435E-B3A92FCB1EE8}.Release.DLL|Win32.Build.0 = Release.DLL|Win32
		{6EFC4E7D-5ACA-4283-435E-B3A92FCB1EE8}.Release.DLL|x64.ActiveCfg = Release.DLL|x64
		{6EFC4E7D-5ACA-4283-435E-B3A92FCB1EE8}.Release.DLL|x64.Build.0 = Release.DLL|x64
		{6EFC4E7D-5ACA-4283-435E-B3A92FCB1EE8}.Release|Any CPU.ActiveCfg = Release|Win32
		{6EFC4E7D-5ACA-4283-435E-B3A92FCB1EE8}.Release|Win32.ActiveCfg = Release|Win32
		{6EFC4E7D-5ACA-4283-435E-B3A92FCB1EE8}.Release|Win32.Build.0 = Release|Win32
		{6EFC4E7D-5ACA-4283-435E-B3A92FCB1EE8}.Release|x64.ActiveCfg = Release|x64
		{6EFC4E7D-5ACA-4283-435E-B3A92FCB1EE8}.Release|x64.Build.0 = Release|x64
		{308C1C11-9C41-9506-2536-8FDD91EA8B0A}.Debug.DLL|Any CPU.ActiveCfg = Debug.DLL|Win32
		{308C1C11-9C41-9506-2536-8FDD91EA8B0A}.Debug.DLL|Win32.ActiveCfg = Debug.DLL|Win32
		{308C1C11-9C41-9506-2536-8FDD91EA8B0A}.Debug.DLL|Win32.Build.0 = Debug.DLL|Win32
		{308C1C11-9C41-9506-2536-8FDD91EA8B0A}.Debug.DLL|x64.ActiveCfg = Debug.DLL|x64
		{308C1C11-9C41-9506-2536-8FDD91EA8B0A}.Debug.DLL|x64.Build.0 = Debug.DLL|x64
		{308C1C11-9C41-9506-2536-8FDD91EA8B0A}.Debug|Any CPU.ActiveCfg = Debug|Win32
		{308C1C11-9C41-9506-2536-8FDD91EA8B0A}.Debug|Win32.ActiveCfg = Debug|Win32
		{308C1C11-9C41-9506-2536-8FDD91EA8B0A}.Debug|Win32.Build.0 = Debug|Win32
		{308C1C11-9C41-9506-2536-8FDD91EA8B0A}.Debug|x64.ActiveCfg = Debug|x64
		{308C1C11-9C41-9506-2536-8FDD91EA8B0A}.Debug|x64.Build.0 = Debug|x64
		{308C1C11-9C41-9506-2536-8FDD91EA8B0A}.Release.DLL|Any CPU.ActiveCfg = Release.DLL|Win32
		{308C1C11-9C41-9506-2536-8FDD91EA8B0A}.Release.DLL|Win32.ActiveCfg = Release.DLL|Win32
		{308C1C11-9C41-9506-2536-8FDD91EA8B0A}.Release.DLL|Win32.Build.0 = Release.DLL|Win32
		{308C1C11-9C41-9506-2536-8FDD91EA8B0A}.Release.DLL|x64.ActiveCfg = Release.DLL|x64
		{308C1C11-9C41-9506-2536-8FDD91EA8B0A}.Release.DLL|x64.Build.0 = Release.DLL|x64
		{308C1C11-9C41-9506-2536-8FDD91EA8B0A}.Release|Any CPU.ActiveCfg = Release|Win32
		{308C1C11-9C41-9506-2536-8FDD91EA8B0A}.Release|Win32.ActiveCfg = Release|Win32
		{308C1C11-9C41-9506-2536-8FDD91EA8B0A}.Release|Win32.Build.0 = Release|Win32
		{308C1C11-9C41-9506-2536-8FDD91EA8B0A}.Release|x64.ActiveCfg = Release|x64
		{308C1C11-9C41-9506-2536-8FDD91EA8B0A}.Release|x64.Build.0 = Release|x64
		{EBD2977C-D709-990D-80F6-7E106C0C150F}.Debug.DLL|Any CPU.ActiveCfg = Debug.DLL|Win32
		{EBD2977C-D709-990D-80F6-7E106C0C150F}.Debug.DLL|Win32.ActiveCfg = Debug.DLL|Win32
		{EBD2977C-D709-990D-80F6-7E106C0C150F}.Debug.DLL|Win32.Build.0 = Debug.DLL|Win32
		{EBD2977C-D709-990D-80F6-7E106C0C150F}.Debug.DLL|x64.ActiveCfg = Debug.DLL|x64
		{EBD2977C-D709-990D-80F6-7E106C0C150F}.Debug.DLL|x64.Build.0 = Debug.DLL|x64
		{EBD2977C-D709-990D-80F6-7E106C0C150F}.Debug|Any CPU.ActiveCfg = Debug|Win32
		{EBD2977C-D709-990D-80F6-7E106C0C150F}.Debug|Win32.ActiveCfg = Debug|Win32
		{EBD2977C-D709-990D-80F6-7E106C0C150F}.Debug|Win32.Build.0 = Debug|Win32
		{EBD2977C-D709-990D-80F6-7E106C0C150F}.Debug|x64.ActiveCfg = Debug|x64
		{EBD2977C-D709-990D-80F6-7E106C0C150F}.Debug|x64.Build.0 = Debug|x64
		{EBD2977C-D709-990D-80F6-7E106C0C150F}.Release.DLL|Any CPU.ActiveCfg = Release.DLL|Win32
		{EBD2977C-D709-990D-80F6-7E106C0C150F}.Release.DLL|Win32.ActiveCfg = Release.DLL|Win32
		{EBD2977C-D709-990D-80F6-7E106C0C150F}.Release.DLL|Win32.Build.0 = Release.DLL|Win32
		{EBD2977C-D709-990D-80F6-7E106C0C150F}.Release.DLL|x64.ActiveCfg = Release.DLL|x64
		{EBD2977C-D709-990D-80F6-7E106C0C150F}.Release.DLL|x64.Build.0 = Release.DLL|x64
		{EBD2977C-D709-990D-80F6-7E106C0C150F}.Release|Any CPU.ActiveCfg = Release|Win32
		{EBD2977C-D709-990D-80F6-7E106C0C150F}.Release|Win32.ActiveCfg = Release|Win32
		{EBD2977C-D709-990D-80F6-7E106C0C150F}.Release|Win32.Build.0 = Release|Win32
		{EBD2977C-D709-990D-80F6-7E106C0C150F}.Release|x64.ActiveCfg = Release|x64
		{EBD2977C-D709-990D-80F6-7E106C0C150F}.Release|x64.Build.0 = Release|x64
		{545B31BD-C03A-B058-C952-3B2F35B116BA}.Debug.DLL|Any CPU.ActiveCfg = Debug.DLL|Win32
		{545B31BD-C03A-B058-C952-3B2F35B116BA}.Debug.DLL|Win32.ActiveCfg = Debug.DLL|Win32
		{545B31BD-C03A-B058-C952-3B2F35B116BA}.Debug.DLL|Win32.Build.0 = Debug.DLL|Win32
		{545B31BD-C03A-B058-C952-3B2F35B116BA}.Debug.DLL|x64.ActiveCfg = Debug.DLL|x64
		{545B31BD-C03A-B058-C952-3B2F35B116BA}.Debug.DLL|x64.Build.0 = Debug.DLL|x64
		{545B31BD-C03A-B058-C952-3B2F35B116BA}.Debug|Any CPU.ActiveCfg = Debug|Win32
		{545B31BD-C03A-B058-C952-3B2F35B116BA}.Debug|Win32.ActiveCfg = Debug|Win32
		{545B31BD-C03A-B058-C952-3B2F35B116BA}.Debug|Win32.Build.0 = Debug|Win32
		{545B31BD-C03A-B058-C952-3B2F35B116BA}.Debug|x64.ActiveCfg = Debug|x64
		{545B31BD-C03A-B058-C952-3B2F35B116BA}.Debug|x64.Build.0 = Debug|x64
		{545B31BD-C03A-B058-C952-3B2F35B116BA}.Release.DLL|Any CPU.ActiveCfg = Release.DLL|Win32
		{545B31BD-C03A-B058-C952-3B2F35B116BA}.Release.DLL|Win32.ActiveCfg = Release.DLL|Win32
		{545B31BD-C03A-B058-C952-3B2F35B116BA}.Release.DLL|Win32.Build.0 = Release.DLL|Win32
		{545B31BD-C03A-B058-C952-3B2F35B116BA}.Release.DLL|x64.ActiveCfg = Release.DLL|x64
		{545B31BD-C03A-B058-C952-3B2F35B116BA}.Release.DLL|x64.Build.0 = Release.DLL|x64
		{545B31BD-C03A-B058-C952-3B2F35B116BA}.Release|Any CPU.ActiveCfg = Release|Win32
		{545B31BD-C03A-B058-C952-3B2F35B116BA}.Release|Win32.ActiveCfg = Release|Win32
		{545B31BD-C03A-B058-C952-3B2F35B116BA}.Release|Win32.Build.0 = Release|Win32
		{545B31BD-C03A-B058-C952-3B2F35B116BA}.Release|x64.ActiveCfg = Release|x64
		{545B31BD-C03A-B058-C952-3B2F35B116BA}.Release|x64.Build.0 = Release|x64
		{B522BA85-A1DA-FBD2-0AE2-D42EF6B896C3}.Debug.DLL|Any CPU.ActiveCfg = Debug.DLL|Win32
		{B522BA85-A1DA-FBD2-0AE2-D42EF6B896C3}.Debug.DLL|Win32.ActiveCfg = Debug.DLL|Win32
		{B522BA85-A1DA-FBD2-0AE2-D42EF6B896C3}.Debug.DLL|Win32.Build.0 = Debug.DLL|Win32
		{B522BA85-A1DA-FBD2-0AE2-D42EF6B896C3}.Debug.DLL|x64.ActiveCfg = Debug.DLL|x64
		{B522BA85-A1DA-FBD2-0AE2-D42EF6B896C3}.Debug.DLL|x64.Build.0 = Debug.DLL|x64
		{B522BA85-A1DA-FBD2-0AE2-D42EF6B896C3}.Debug|Any CPU.ActiveCfg = Debug|Win32
		{B522BA85-A1DA-FBD2-0AE2-D42EF6B896C3}.Debug|Win32.ActiveCfg = Debug|Win32
		{B522BA85-A1DA-FBD2-0AE2-D42EF6B896C3}.Debug|Win32.Build.0 = Debug|Win32
		{B522BA85-A1DA-FBD2-0AE2-D42EF6B896C3}.Debug|x64.ActiveCfg = Debug|x64
		{B522BA85-A1DA-FBD2-0AE2-D42EF6B896C3}.Debug|x64.Build.0 = Debug|x64
		{B522BA85-A1DA-FBD2-0AE2-D42EF6B896C3}.Release.DLL|Any CPU.ActiveCfg = Release.DLL|Win32
		{B522BA85-A1DA-FBD2-0AE2-D42EF6B896C3}.Release.DLL|Win32.ActiveCfg = Release.DLL|Win32
		{B522BA85-A1DA-FBD2-0AE2-D42EF6B896C3}.Release.DLL|Win32.Build.0 = Release.DLL|Win32
		{B522BA85-A1DA-FBD2-0AE2-D42EF6B896C3}.Release.DLL|x64.ActiveCfg = Release.DLL|x64
		{B522BA85-A1DA-FBD2-0AE2-D42EF6B896C3}.Release.DLL|x64.Build.0 = Release.DLL|x64
		{B522BA85-A1DA-FBD2-0AE2-D42EF6B896C3}.Release|Any CPU.ActiveCfg = Release|Win32
		{B522BA85-A1DA-FBD2-0AE2-D42EF6B896C3}.Release|Win32.ActiveCfg = Release|Win32
		{B522BA85-A1DA-FBD2-0AE2-D42EF6B896C3}.Release|Win32.Build.0 = Release|Win32
		{B522BA85-A1DA-FBD2-0AE2-D42EF6B896C3}.Release|x64.ActiveCfg = Release|x64
		{B522BA85-A1DA-FBD2-0AE2-D42EF6B896C3}.Release|x64.Build.0 = Release|x64
		{F2C25A5E-DE8F-B569-07A9-A311F3D4EAF7}.Debug.DLL|Any CPU.ActiveCfg = Debug.DLL|Win32
		{F2C25A5E-DE8F-B569-07A9-A311F3D4EAF7}.Debug.DLL|Win32.ActiveCfg = Debug.DLL|Win32
		{F2C25A5E-DE8F-B569-07A9-A311F3D4EAF7}.Debug.DLL|Win32.Build.0 = Debug.DLL|Win32
		{F2C25A5E-DE8F-B569-07A9-A311F3D4EAF7}.Debug.DLL|x64.ActiveCfg = Debug.DLL|x64
		{F2C25A5E-DE8F-B569-07A9-A311F3D4EAF7}.Debug.DLL|x64.Build.0 = Debug.DLL|x64
		{F2C25A5E-DE8F-B569-07A9-A311F3D4EAF7}.Debug|Any CPU.ActiveCfg = Debug|Win32
		{F2C25A5E-DE8F-B569-07A9-A311F3D4EAF7}.Debug|Win32.ActiveCfg = Debug|Win32
		{F2C25A5E-DE8F-B569-07A9-A311F3D4EAF7}.Debug|Win32.Build.0 = Debug|Win32
		{F2C25A5E-DE8F-B569-07A9-A311F3D4EAF7}.Debug|x64.ActiveCfg = Debug|x64
		{F2C25A5E-DE8F-B569-07A9-A311F3D4EAF7}.Debug|x64.Build.0 = Debug|x64
		{F2C25A5E-DE8F-B569-07A9-A311F3D4EAF7}.Release.DLL|Any CPU.ActiveCfg = Release.DLL|Win32
		{F2C25A5E-DE8F-B569-07A9-A311F3D4EAF7}.Release.DLL|Win32.ActiveCfg = Release.DLL|Win32
		{F2C25A5E-DE8F-B569-07A9-A311F3D4EAF7}.Release.DLL|Win32.Build.0 = Release.DLL|Win32
		{F2C25A5E-DE8F-B569-07A9-A311F3D4EAF7}.Release.DLL|x64.ActiveCfg = Release.DLL|x64
		{F2C25A5E-DE8F-B569-07A9-A311F3D4EAF7}.Release.DLL|x64.Build.0 = Release.DLL|x64
		{F2C25A5E-DE8F-B569-07A9-A311F3D4EAF7}.Release|Any CPU.ActiveCfg = Release|Win32
		{F2C25A5E-DE8F-B569-07A9-A311F3D4EAF7}.Release|Win32.ActiveCfg = Release|Win32
		{F2C25A5E-DE8F-B569-07A9-A311F3D4EAF7}.Release|Win32.Build.0 = Release|Win32
		{F2C25A5E-DE8F-B569-07A9-A311F3D4EAF7}.Release|x64.ActiveCfg = Release|x64
		{F2C25A5E-DE8F-B569-07A9-A311F3D4EAF7}.Release|x64.Build.0 = Release|x64
		{31B1FA16-1D7F-EE1C-0613-5F43F27FCA81}.Debug.DLL|Any CPU.ActiveCfg = Debug.DLL|Win32
		{31B1FA16-1D7F-EE1C-0613-5F43F27FCA81}.Debug.DLL|Win32.ActiveCfg = Debug.DLL|Win32
		{31B1FA16-1D7F-EE1C-0613-5F43F27FCA81}.Debug.DLL|Win32.Build.0 = Debug.DLL|Win32
		{31B1FA16-1D7F-EE1C-0613-5F43F27FCA81}.Debug.DLL|x64.ActiveCfg = Debug.DLL|x64
		{31B1FA16-1D7F-EE1C-0613-5F43F27FCA81}.Debug.DLL|x64.Build.0 = Debug.DLL|x64
		{31B1FA16-1D7F-EE1C-0613-5F43F27FCA81}.Debug|Any CPU.ActiveCfg = Debug|Win32
		{31B1FA16-1D7F-EE1C-0613-5F43F27FCA81}.Debug|Win32.ActiveCfg = Debug|Win32
		{31B1FA16-1D7F-EE1C-0613-5F43F27FCA81}.Debug|Win32.Build.0 = Debug|Win32
		{31B1FA16-1D7F-EE1C-0613-5F43F27FCA81}.Debug|x64.ActiveCfg = Debug|x64
		{31B1FA16-1D7F-EE1C-0613-5F43F27FCA81}.Debug|x64.Build.0 = Debug|x64
		{31B1FA16-1D7F-EE1C-0613-5F43F27FCA81}.Release.DLL|Any CPU.ActiveCfg = Release.DLL|Win32
		{31B1FA16-1D7F-EE1C-0613-5F43F27FCA81}.Release.DLL|Win32.ActiveCfg = Release.DLL|Win32
		{31B1FA16-1D7F-EE1C-0613-5F43F27FCA81}.Release.DLL|Win32.Build.0 = Release.DLL|Win32
		{31B1FA16-1D7F-EE1C-0613-5F43F27FCA81}.Release.DLL|x64.ActiveCfg = Release.DLL|x64
		{31B1FA16-1D7F-EE1C-0613-5F43F27FCA81}.Release.DLL|x64.Build.0 = Release.DLL|x64
		{31B1FA16-1D7F-EE1C-0613-5F43F27FCA81}.Release|Any CPU.ActiveCfg = Release|Win32
		{31B1FA16-1D7F-EE1C-0613-5F43F27FCA81}.Release|Win32.ActiveCfg = Release|Win32
		{31B1FA16-1D7F-EE1C-0613-5F43F27FCA81}.Release|Win32.Build.0 = Release|Win32
		{31B1FA16-1D7F-EE1C-0613-5F43F27FCA81}.Release|x64.ActiveCfg = Release|x64
		{31B1FA16-1D7F-EE1C-0613-5F43F27FCA81}.Release|x64.Build.0 = Release|x64
		{5F91957C-4BC8-960D-F4B4-7C10E0CA120F}.Debug.DLL|Any CPU.ActiveCfg = Debug.DLL|Win32
		{5F91957C-4BC8-960D-F4B4-7C10E0CA120F}.Debug.DLL|Win32.ActiveCfg = Debug.DLL|Win32
		{5F91957C-4BC8-960D-F4B4-7C10E0CA120F}.Debug.DLL|Win32.Build.0 = Debug.DLL|Win32
		{5F91957C-4BC8-960D-F4B4-7C10E0CA120F}.Debug.DLL|x64.ActiveCfg = Debug.DLL|x64
		{5F91957C-4BC8-960D-F4B4-7C10E0CA120F}.Debug.DLL|x64.Build.0 = Debug.DLL|x64
		{5F91957C-4BC8-960D-F4B4-7C10E0CA120F}.Debug|Any CPU.ActiveCfg = Debug|Win32
		{5F91957C-4BC8-960D-F4B4-7C10E0CA120F}.Debug|Win32.ActiveCfg = Debug|Win32
		{5F91957C-4BC8-960D-F4B4-7C10E0CA120F}.Debug|Win32.Build.0 = Debug|Win32
		{5F91957C-4BC8-960D-F4B4-7C10E0CA120F}.Debug|x64.ActiveCfg = Debug|x64
		{5F91957C-4BC8-960D-F4B4-7C10E0CA120F}.Debug|x64.Build.0 = Debug|x64
		{5F91957C-4BC8-960D-F4B4-7C10E0CA120F}.Release.DLL|Any CPU.ActiveCfg = Release.DLL|Win32
		{5F91957C-4BC8-960D-F4B4-7C10E0CA120F}.Release.DLL|Win32.ActiveCfg = Release.DLL|Win32
		{5F91957C-4BC8-960D-F4B4-7C10E0CA120F}.Release.DLL|Win32.Build.0 = Release.DLL|Win32
		{5F91957C-4BC8-960D-F4B4-7C10E0CA120F}.Release.DLL|x64.ActiveCfg = Release.DLL|x64
		{5F91957C-4BC8-960D-F4B4-7C10E0CA120F}.Release.DLL|x64.Build.0 = Release.DLL|x64
		{5F91957C-4BC8-960D-F4B4-7C10E0CA120F}.Release|Any CPU.ActiveCfg = Release|Win32
		{5F91957C-4BC8-960D-F4B4-7C10E0CA120F}.Release|Win32.ActiveCfg = Release|Win32
		{5F91957C-4BC8-960D-F4B4-7C10E0CA120F}.Release|Win32.Build.0 = Release|Win32
		{5F91957C-4BC8-960D-F4B4-7C10E0CA120F}.Release|x64.ActiveCfg = Release|x64
		{5F91957C-4BC8-960D-F4B4-7C10E0CA120F}.Release|x64.Build.0 = Release|x64
		{65D6EBFC-51A3-4608-7ABC-34B066E87B96}.Debug.DLL|Any CPU.ActiveCfg = Debug.DLL|Win32
		{65D6EBFC-51A3-4608-7ABC-34B066E87B96}.Debug.DLL|Win32.ActiveCfg = Debug.DLL|Win32
		{65D6EBFC-51A3-4608-7ABC-34B066E87B96}.Debug.DLL|Win32.Build.0 = Debug.DLL|Win32
		{65D6EBFC-51A3-4608-7ABC-34B066E87B96}.Debug.DLL|x64.ActiveCfg = Debug.DLL|x64
		{65D6EBFC-51A3-4608-7ABC-34B066E87B96}.Debug.DLL|x64.Build.0 = Debug.DLL|x64
		{65D6EBFC-51A3-4608-7ABC-34B066E87B96}.Debug|Any CPU.ActiveCfg = Debug|Win32
		{65D6EBFC-51A3-4608-7ABC-34B066E87B96}.Debug|Win32.ActiveCfg = Debug|Win32
		{65D6EBFC-51A3-4608-7ABC-34B066E87B96}.Debug|Win32.Build.0 = Debug|Win32
		{65D6EBFC-51A3-4608-7ABC-34B066E87B96}.Debug|x64.ActiveCfg = Debug|x64
		{65D6EBFC-51A3-4608-7ABC-34B066E87B96}.Debug|x64.Build.0 = Debug|x64
		{65D6EBFC-51A3-4608-7ABC-34B066E87B96}.Release.DLL|Any CPU.ActiveCfg = Release.DLL|Win32
		{65D6EBFC-51A3-4608-7ABC-34B066E87B96}.Release.DLL|Win32.ActiveCfg = Release.DLL|Win32
		{65D6EBFC-51A3-4608-7ABC-34B066E87B96}.Release.DLL|Win32.Build.0 = Release.DLL|Win32
		{65D6EBFC-51A3-4608-7ABC-34B066E87B96}.Release.DLL|x64.ActiveCfg = Release.DLL|x64
		{65D6EBFC-51A3-4608-7ABC-34B066E87B96}.Release.DLL|x64.Build.0 = Release.DLL|x64
		{65D6EBFC-51A3-4608-7ABC-34B066E87B96}.Release|Any CPU.ActiveCfg = Release|Win32
		{65D6EBFC-51A3-4608-7ABC-34B066E87B96}.Release|Win32.ActiveCfg = Release|Win32
		{65D6EBFC-51A3-4608-7ABC-34B066E87B96}.Release|Win32.Build.0 = Release|Win32
		{65D6EBFC-51A3-4608-7ABC-34B066E87B96}.Release|x64.ActiveCfg = Release|x64
		{65D6EBFC-51A3-4608-7ABC-34B066E87B96}.Release|x64.Build.0 = Release|x64
		{6F5BECE3-A8C0-4D6B-BD01-2FBAA3E1619F}.Debug.DLL|Any CPU.ActiveCfg = Debug|Any CPU
		{6F5BECE3-A8C0-4D6B-BD01-2FBAA3E1619F}.Debug.DLL|Any CPU.Build.0 = Debug|Any CPU
		{6F5BECE3-A8C0-4D6B-BD01-2FBAA3E1619F}.Debug.DLL|Win32.ActiveCfg = Debug|Any CPU
		{6F5BECE3-A8C0-4D6B-BD01-2FBAA3E1619F}.Debug.DLL|Win32.Build.0 = Debug|Any CPU
		{6F5BECE3-A8C0-4D6B-BD01-2FBAA3E1619F}.Debug.DLL|x64.ActiveCfg = Debug|Any CPU
		{6F5BECE3-A8C0-4D6B-BD01-2FBAA3E1619F}.Debug.DLL|x64.Build.0 = Debug|Any CPU
		{6F5BECE3-A8C0-4D6B-BD01-2FBAA3E1619F}.Debug|Any CPU.ActiveCfg = Debug|Any CPU
		{6F5BECE3-A8C0-4D6B-BD01-2FBAA3E1619F}.Debug|Any CPU.Build.0 = Debug|Any CPU
		{6F5BECE3-A8C0-4D6B-BD01-2FBAA3E1619F}.Debug|Win32.ActiveCfg = Debug|Any CPU
		{6F5BECE3-A8C0-4D6B-BD01-2FBAA3E1619F}.Debug|Win32.Build.0 = Debug|Any CPU
		{6F5BECE3-A8C0-4D6B-BD01-2FBAA3E1619F}.Debug|x64.ActiveCfg = Debug|Any CPU
		{6F5BECE3-A8C0-4D6B-BD01-2FBAA3E1619F}.Debug|x64.Build.0 = Debug|Any CPU
		{6F5BECE3-A8C0-4D6B-BD01-2FBAA3E1619F}.Release.DLL|Any CPU.ActiveCfg = Release|Any CPU
		{6F5BECE3-A8C0-4D6B-BD01-2FBAA3E1619F}.Release.DLL|Any CPU.Build.0 = Release|Any CPU
		{6F5BECE3-A8C0-4D6B-BD01-2FBAA3E1619F}.Release.DLL|Win32.ActiveCfg = Release|Any CPU
		{6F5BECE3-A8C0-4D6B-BD01-2FBAA3E1619F}.Release.DLL|Win32.Build.0 = Release|Any CPU
		{6F5BECE3-A8C0-4D6B-BD01-2FBAA3E1619F}.Release.DLL|x64.ActiveCfg = Release|Any CPU
		{6F5BECE3-A8C0-4D6B-BD01-2FBAA3E1619F}.Release.DLL|x64.Build.0 = Release|Any CPU
		{6F5BECE3-A8C0-4D6B-BD01-2FBAA3E1619F}.Release|Any CPU.ActiveCfg = Release|Any CPU
		{6F5BECE3-A8C0-4D6B-BD01-2FBAA3E1619F}.Release|Any CPU.Build.0 = Release|Any CPU
		{6F5BECE3-A8C0-4D6B-BD01-2FBAA3E1619F}.Release|Win32.ActiveCfg = Release|Any CPU
		{6F5BECE3-A8C0-4D6B-BD01-2FBAA3E1619F}.Release|Win32.Build.0 = Release|Any CPU
		{6F5BECE3-A8C0-4D6B-BD01-2FBAA3E1619F}.Release|x64.ActiveCfg = Release|Any CPU
		{6F5BECE3-A8C0-4D6B-BD01-2FBAA3E1619F}.Release|x64.Build.0 = Release|Any CPU
	EndGlobalSection
	GlobalSection(SolutionProperties) = preSolution
		HideSolutionNode = FALSE
	EndGlobalSection
	GlobalSection(NestedProjects) = preSolution
		{6EFC4E7D-5ACA-4283-435E-B3A92FCB1EE8} = {65CB7E83-D18B-FAB9-9AC6-433706463F96}
		{308C1C11-9C41-9506-2536-8FDD91EA8B0A} = {65CB7E83-D18B-FAB9-9AC6-433706463F96}
		{EBD2977C-D709-990D-80F6-7E106C0C150F} = {65CB7E83-D18B-FAB9-9AC6-433706463F96}
		{545B31BD-C03A-B058-C952-3B2F35B116BA} = {65CB7E83-D18B-FAB9-9AC6-433706463F96}
		{B522BA85-A1DA-FBD2-0AE2-D42EF6B896C3} = {65CB7E83-D18B-FAB9-9AC6-433706463F96}
		{F2C25A5E-DE8F-B569-07A9-A311F3D4EAF7} = {65CB7E83-D18B-FAB9-9AC6-433706463F96}
		{31B1FA16-1D7F-EE1C-0613-5F43F27FCA81} = {65CB7E83-D18B-FAB9-9AC6-433706463F96}
		{6F5BECE3-A8C0-4D6B-BD01-2FBAA3E1619F} = {DCBFD7CC-3092-4F3F-9C52-E7DBFC7EA77A}
	EndGlobalSection
	GlobalSection(ExtensibilityGlobals) = postSolution
		SolutionGuid = {1741A662-1BAF-458F-A17E-FF6FEA8E5D8E}
	EndGlobalSection
EndGlobal
