
Microsoft Visual Studio Solution File, Format Version 11.00
# Visual Studio 2010
Project("{FAE04EC0-301F-11D3-BF4B-00C04F79EFBC}") = "XMLExport", "XMLExport.csproj", "{B9E819AB-B15C-41FC-9DF5-424CBE499723}"
EndProject
Project("{FAE04EC0-301F-11D3-BF4B-00C04F79EFBC}") = "SimCore", "..\SimCore\SimCore.csproj", "{5BDD757F-1FAD-43DF-A068-2E4D64083EBE}"
EndProject
Global
	GlobalSection(SolutionConfigurationPlatforms) = preSolution
		Debug|Any CPU = Debug|Any CPU
		Debug|Mixed Platforms = Debug|Mixed Platforms
		Debug|x86 = Debug|x86
		Release|Any CPU = Release|Any CPU
		Release|Mixed Platforms = Release|Mixed Platforms
		Release|x86 = Release|x86
	EndGlobalSection
	GlobalSection(ProjectConfigurationPlatforms) = postSolution
		{B9E819AB-B15C-41FC-9DF5-424CBE499723}.Debug|Any CPU.ActiveCfg = Debug|x86
		{B9E819AB-B15C-41FC-9DF5-424CBE499723}.Debug|Mixed Platforms.ActiveCfg = Debug|x86
		{B9E819AB-B15C-41FC-9DF5-424CBE499723}.Debug|Mixed Platforms.Build.0 = Debug|x86
		{B9E819AB-B15C-41FC-9DF5-424CBE499723}.Debug|x86.ActiveCfg = Debug|x86
		{B9E819AB-B15C-41FC-9DF5-424CBE499723}.Debug|x86.Build.0 = Debug|x86
		{B9E819AB-B15C-41FC-9DF5-424CBE499723}.Release|Any CPU.ActiveCfg = Release|x86
		{B9E819AB-B15C-41FC-9DF5-424CBE499723}.Release|Mixed Platforms.ActiveCfg = Release|x86
		{B9E819AB-B15C-41FC-9DF5-424CBE499723}.Release|Mixed Platforms.Build.0 = Release|x86
		{B9E819AB-B15C-41FC-9DF5-424CBE499723}.Release|x86.ActiveCfg = Release|x86
		{B9E819AB-B15C-41FC-9DF5-424CBE499723}.Release|x86.Build.0 = Release|x86
		{5BDD757F-1FAD-43DF-A068-2E4D64083EBE}.Debug|Any CPU.ActiveCfg = Debug|Any CPU
		{5BDD757F-1FAD-43DF-A068-2E4D64083EBE}.Debug|Any CPU.Build.0 = Debug|Any CPU
		{5BDD757F-1FAD-43DF-A068-2E4D64083EBE}.Debug|Mixed Platforms.ActiveCfg = Debug|Any CPU
		{5BDD757F-1FAD-43DF-A068-2E4D64083EBE}.Debug|Mixed Platforms.Build.0 = Debug|Any CPU
		{5BDD757F-1FAD-43DF-A068-2E4D64083EBE}.Debug|x86.ActiveCfg = Debug|Any CPU
		{5BDD757F-1FAD-43DF-A068-2E4D64083EBE}.Release|Any CPU.ActiveCfg = Release|Any CPU
		{5BDD757F-1FAD-43DF-A068-2E4D64083EBE}.Release|Any CPU.Build.0 = Release|Any CPU
		{5BDD757F-1FAD-43DF-A068-2E4D64083EBE}.Release|Mixed Platforms.ActiveCfg = Release|Any CPU
		{5BDD757F-1FAD-43DF-A068-2E4D64083EBE}.Release|Mixed Platforms.Build.0 = Release|Any CPU
		{5BDD757F-1FAD-43DF-A068-2E4D64083EBE}.Release|x86.ActiveCfg = Release|Any CPU
	EndGlobalSection
	GlobalSection(SolutionProperties) = preSolution
		HideSolutionNode = FALSE
	EndGlobalSection
EndGlobal
