
Microsoft Visual Studio Solution File, Format Version 11.00
# Visual Studio 2010
Project("{FAE04EC0-301F-11D3-BF4B-00C04F79EFBC}") = "SimSerialization", "SimSerialization.csproj", "{B16D2453-3EBD-4306-A921-D2CD898AD077}"
EndProject
Project("{FAE04EC0-301F-11D3-BF4B-00C04F79EFBC}") = "SimCore", "..\SimCore\SimCore.csproj", "{5BDD757F-1FAD-43DF-A068-2E4D64083EBE}"
EndProject
Global
	GlobalSection(SolutionConfigurationPlatforms) = preSolution
		Debug|Any CPU = Debug|Any CPU
		Release|Any CPU = Release|Any CPU
	EndGlobalSection
	GlobalSection(ProjectConfigurationPlatforms) = postSolution
		{B16D2453-3EBD-4306-A921-D2CD898AD077}.Debug|Any CPU.ActiveCfg = Debug|Any CPU
		{B16D2453-3EBD-4306-A921-D2CD898AD077}.Debug|Any CPU.Build.0 = Debug|Any CPU
		{B16D2453-3EBD-4306-A921-D2CD898AD077}.Release|Any CPU.ActiveCfg = Release|Any CPU
		{B16D2453-3EBD-4306-A921-D2CD898AD077}.Release|Any CPU.Build.0 = Release|Any CPU
		{5BDD757F-1FAD-43DF-A068-2E4D64083EBE}.Debug|Any CPU.ActiveCfg = Debug|Any CPU
		{5BDD757F-1FAD-43DF-A068-2E4D64083EBE}.Debug|Any CPU.Build.0 = Debug|Any CPU
		{5BDD757F-1FAD-43DF-A068-2E4D64083EBE}.Release|Any CPU.ActiveCfg = Release|Any CPU
		{5BDD757F-1FAD-43DF-A068-2E4D64083EBE}.Release|Any CPU.Build.0 = Release|Any CPU
	EndGlobalSection
	GlobalSection(SolutionProperties) = preSolution
		HideSolutionNode = FALSE
	EndGlobalSection
EndGlobal
